
Microsoft Visual Studio Solution File, Format Version 12.00
# Visual Studio Version 16
VisualStudioVersion = 16.0.30204.135
MinimumVisualStudioVersion = 10.0.40219.1
Project("{FAE04EC0-301F-11D3-BF4B-00C04F79EFBC}") = "CvEntityProje", "CvEntityProje\CvEntityProje.csproj", "{517CE1E5-9B69-4DAE-BE9C-75AE6F20750B}"
EndProject
Global
	GlobalSection(SolutionConfigurationPlatforms) = preSolution
		Debug|Any CPU = Debug|Any CPU
		Release|Any CPU = Release|Any CPU
	EndGlobalSection
	GlobalSection(ProjectConfigurationPlatforms) = postSolution
		{517CE1E5-9B69-4DAE-BE9C-75AE6F20750B}.Debug|Any CPU.ActiveCfg = Debug|Any CPU
		{517CE1E5-9B69-4DAE-BE9C-75AE6F20750B}.Debug|Any CPU.Build.0 = Debug|Any CPU
		{517CE1E5-9B69-4DAE-BE9C-75AE6F20750B}.Release|Any CPU.ActiveCfg = Release|Any CPU
		{517CE1E5-9B69-4DAE-BE9C-75AE6F20750B}.Release|Any CPU.Build.0 = Release|Any CPU
	EndGlobalSection
	GlobalSection(SolutionProperties) = preSolution
		HideSolutionNode = FALSE
	EndGlobalSection
	GlobalSection(ExtensibilityGlobals) = postSolution
		SolutionGuid = {2393EACA-AEED-4406-8E26-1E4DCA07DF44}
	EndGlobalSection
EndGlobal
